<?xml version="1.0" encoding="utf-8"?>
<Project ToolsVersion="4.0" xmlns="http://schemas.microsoft.com/developer/msbuild/2003">
  <ItemGroup>
    <Filter Include="NewFilter1">
      <UniqueIdentifier>{522cccc3-3938-458d-a222-02149b590371}</UniqueIdentifier>
    </Filter>
  </ItemGroup>
  <ItemGroup>
    <ClCompile Include="Core\Execution\Execute.cpp" />
  </ItemGroup>
  <ItemGroup>
    <ClInclude Include="LAL\LAL.hpp" />
    <ClInclude Include="Core\Execution\Exec_Editor.hpp" />
    <ClInclude Include="Core\Execution\Exec_Engine.hpp" />
  </ItemGroup>
</Project>