<?xml version="1.0" encoding="utf-8"?>
<Project ToolsVersion="4.0" xmlns="http://schemas.microsoft.com/developer/msbuild/2003">
  <ItemGroup>
    <ClCompile Include="Core\Entrypoint.cpp" />
    <ClCompile Include="PAL\OSAL\OSAL.cpp" />
    <ClCompile Include="PAL\OSAL\OSAL.EntryPoint.hpp" />
    <ClCompile Include="PAL\OSAL\OSAL.Platform.cpp" />
    <ClCompile Include="PAL\PAL.cpp" />
    <ClCompile Include="PAL\ThirdParty\API.Windows.Backend.cpp" />
    <ClCompile Include="PAL\LAL\LAL.Memory.cpp" />
    <ClCompile Include="PAL\LAL\LAL.Memory.Allocators.cpp" />
    <ClCompile Include="PAL\LAL\LAL.Math.hpp" />
    <ClCompile Include="Build\PrecompiledIntermediate.cpp" />
    <ClCompile Include="PAL\LAL\String\LAL.CString.cpp" />
  </ItemGroup>
  <ItemGroup>
    <ClInclude Include="PAL\LAL\LAL.Asserts.hpp" />
    <ClInclude Include="PAL\LAL\LAL.Bits.hpp" />
    <ClInclude Include="PAL\LAL\LAL.C_STL.hpp" />
    <ClInclude Include="PAL\LAL\LAL.Casting.hpp" />
    <ClInclude Include="PAL\LAL\LAL.DArray.hpp" />
    <ClInclude Include="PAL\LAL\LAL.Declarations.hpp" />
    <ClInclude Include="PAL\LAL\LAL.hpp" />
    <ClInclude Include="PAL\LAL\LAL.NumericLimits.hpp" />
    <ClInclude Include="PAL\LAL\LAL.Numerics.hpp" />
    <ClInclude Include="PAL\LAL\LAL.Types.hpp" />
    <ClInclude Include="PAL\OSAL\OSAL.hpp" />
    <ClInclude Include="PAL\OSAL\OSAL.Platform.hpp" />
    <ClInclude Include="PAL\PAL.Backend.hpp" />
    <ClInclude Include="PAL\PAL.hpp" />
    <ClInclude Include="PAL\ThirdParty\API.Infoware.hpp" />
    <ClInclude Include="PAL\ThirdParty\API.SDL.hpp" />
    <ClInclude Include="PAL\ThirdParty\API.Windows.Backend.hpp" />
    <ClInclude Include="PAL\ThirdParty\API.Windows.hpp" />
    <ClInclude Include="PAL\LAL\LAL.Platform.hpp" />
    <ClInclude Include="PAL\LAL\LAL.Memory.Allocators.hpp" />
    <ClInclude Include="PAL\LAL\LAL.Metaprogramming.hpp" />
    <ClInclude Include="PAL\LAL\LAL.Memory.hpp" />
    <ClInclude Include="Build\PrecompiledIntermediate.hpp" />
    <ClInclude Include="PAL\LAL\String\LAL.String.hpp" />
    <ClInclude Include="PAL\LAL\String\LAL.Char.hpp" />
    <ClInclude Include="PAL\LAL\LAL.Config.hpp" />
    <ClInclude Include="PAL\LAL\Options\LAL.undef.Casting.hpp" />
    <ClInclude Include="PAL\LAL\String\LAL.CString.hpp" />
    <ClInclude Include="PAL\LAL\String\LAL.UTF.hpp" />
    <ClInclude Include="PAL\LAL\LAL.Limits.hpp" />
    <ClInclude Include="PAL\LAL\String\LAL.ASCII.hpp" />
    <ClInclude Include="PAL\LAL\LAL.RefWrap.hpp" />
    <ClInclude Include="PAL\LAL\LAL.Data.hpp" />
    <ClInclude Include="PAL\LAL\LAL.Tuple.hpp" />
    <ClInclude Include="PAL\LAL\LAL.Utility.hpp" />
  </ItemGroup>
  <ItemGroup>
    <None Include="PAL\Readme.md" />
  </ItemGroup>
</Project>