<?xml version="1.0" encoding="utf-8"?>
<Project ToolsVersion="4.0" xmlns="http://schemas.microsoft.com/developer/msbuild/2003">
  <ItemGroup>
    <ClInclude Include="LAL\LAL.hpp" />
    <ClInclude Include="LAL\Cpp_STL.hpp" />
    <ClInclude Include="LAL\STL_Reflection.hpp" />
    <ClInclude Include="LAL\Types\STL_FundamentalLimits.hpp" />
    <ClInclude Include="LAL\Types\STL_FundamentalTypes.hpp" />
    <ClInclude Include="LAL\Types\STL_BasicTypes.hpp" />
    <ClInclude Include="LAL\Utilities\STL_SmartPtrs.hpp" />
    <ClInclude Include="LAL\STL_Memory.hpp" />
    <ClInclude Include="Core\Execution\Executer.hpp" />
    <ClInclude Include="Core\Memory\MemTypes.hpp" />
    <ClInclude Include="Simulation\Math\Vector3D.hpp" />
    <ClInclude Include="Simulation\Math\Vec2D_I.hpp" />
    <ClInclude Include="Simulation\Math\Vec2D_F.hpp" />
    <ClInclude Include="Simulation\Units.hpp" />
    <ClInclude Include="Simulation\Math\Constants.hpp" />
    <ClInclude Include="PAL\HAL\Audio_HAL.hpp" />
    <ClInclude Include="PAL\SAL\GLFW_SAL.hpp" />
    <ClInclude Include="PAL\SAL\GLM_SAL.hpp" />
    <ClInclude Include="LAL\Casting.hpp" />
    <ClInclude Include="LAL\Types\Bitmask.hpp" />
    <ClInclude Include="PAL\OSAL\OSAL.hpp" />
    <ClInclude Include="LAL\ConventionEnforcer.hpp" />
    <ClInclude Include="PAL\HAL\Vulkan\VaultedThermals\VaultedThermals\VT_Enums.hpp" />
    <ClInclude Include="PAL\HAL\Vulkan\VaultedThermals\VaultedThermals\VT_Types.hpp" />
    <ClInclude Include="PAL\HAL\Vulkan\VaultedThermals\VaultedThermals.hpp" />
    <ClInclude Include="PAL\HAL\Vulkan\VaultedThermals\VaultedThermals\VT_Debug.hpp" />
    <ClInclude Include="PAL\HAL\Vulkan\VaultedThermals\VaultedThermals\VT_Constants.hpp" />
    <ClInclude Include="PAL\HAL\Vulkan\VaultedThermals\VaultedThermals\VT_PhysicalDevice.hpp" />
    <ClInclude Include="LAL\Utilities\STL_Ambiguous.hpp" />
    <ClInclude Include="PAL\HAL\Vulkan\VaultedThermals\VaultedThermals\VT_LogicalDevice.hpp" />
    <ClInclude Include="PAL\HAL\Vulkan\VaultedThermals\VaultedThermals\VT_Surface.hpp" />
    <ClInclude Include="PAL\HAL\Vulkan\VaultedThermals\VaultedThermals\VT_Platform.hpp" />
    <ClInclude Include="PAL\HAL\Vulkan\VaultedThermals\VaultedThermals\VT_SwapChain.hpp" />
    <ClInclude Include="PAL\HAL\Vulkan\VaultedThermals\VaultedThermals\VT_Vaults.hpp" />
    <ClInclude Include="Renderer\Shader\RudimentaryCompiler.hpp" />
    <ClInclude Include="LAL\Types\CharacterTypes.hpp" />
    <ClInclude Include="Core\IO\Basic_FileIO.hpp" />
    <ClInclude Include="LAL\STL_IO.hpp" />
    <ClInclude Include="LAL\STL_Containers.hpp" />
    <ClInclude Include="LAL\STL_String.hpp" />
    <ClInclude Include="LAL\Declarations.hpp" />
    <ClInclude Include="LAL\STL_Exceptions.hpp" />
    <ClInclude Include="Renderer\Shader\TriangleShader\TriangleShader.hpp" />
    <ClInclude Include="PAL\SAL\ImGui_SAL.hpp" />
    <ClInclude Include="Meta\AppInfo.hpp" />
    <ClInclude Include="Meta\EngineInfo.hpp" />
    <ClInclude Include="Meta\Specification.hpp" />
    <ClInclude Include="Meta\Config\Overrides.hpp" />
    <ClInclude Include="PAL\ThirdParty\Libraries\Library.hpp" />
    <ClInclude Include="LAL\Utilities\STL_Functions.hpp" />
    <ClInclude Include="PAL\PAL.hpp" />
    <ClInclude Include="PAL\HAL\HAL.hpp" />
    <ClInclude Include="PAL\HAL\Vulkan\Vulkan_API.hpp" />
    <ClInclude Include="PAL\HAL\GPU_HAL.hpp" />
    <ClInclude Include="PAL\HAL\Vulkan\GPU_Vulkan.hpp" />
    <ClInclude Include="Meta\Config\Simulation_Config.hpp" />
    <ClInclude Include="Meta\Config\HAL_Config.hpp" />
    <ClInclude Include="Meta\Config\OSAL_Config.hpp" />
    <ClInclude Include="PAL\HAL\GPU_HAL_CoreDefs.hpp" />
    <ClInclude Include="PAL\HAL\Vulkan\VaultedThermals\VaultedThermals\_foreign\Foreign_ConventionEnforcer.hpp" />
    <ClInclude Include="PAL\HAL\Vulkan\VaultedThermals\VaultedThermals\_foreign\Foreign_Bitmask.hpp" />
    <ClInclude Include="PAL\HAL\Vulkan\VaultedThermals\VaultedThermals\VT_Resource.hpp" />
    <ClInclude Include="PAL\HAL\Vulkan\VaultedThermals\VaultedThermals\VT_Sampler.hpp" />
    <ClInclude Include="PAL\HAL\Vulkan\VaultedThermals\VaultedThermals\VT_Backend.hpp" />
    <ClInclude Include="PAL\HAL\Vulkan\VaultedThermals\VaultedThermals\VT_Initialization.hpp" />
    <ClInclude Include="PAL\HAL\Vulkan\VaultedThermals\VaultedThermals\VT_SyncAndCacheControl.hpp" />
    <ClInclude Include="PAL\HAL\Vulkan\VaultedThermals\VaultedThermals\VT_RenderPass.hpp" />
    <ClInclude Include="PAL\HAL\Vulkan\VaultedThermals\VaultedThermals\VT_Shaders.hpp" />
    <ClInclude Include="PAL\HAL\Vulkan\VaultedThermals\VaultedThermals\VT_Pipelines.hpp" />
    <ClInclude Include="PAL\HAL\Vulkan\VaultedThermals\VaultedThermals\VT_Command.hpp" />
    <ClInclude Include="PAL\HAL\Vulkan\VaultedThermals\VaultedThermals\VT_CPP_STL.hpp" />
    <ClInclude Include="PAL\ThirdParty\Libraries\stb\stb_image.h" />
    <ClInclude Include="Renderer\Shader\VKTut\VKTut.hpp" />
    <ClInclude Include="PAL\HAL\Vulkan\VaultedThermals\VaultedThermals\VT_Memory.hpp" />
    <ClInclude Include="PAL\HAL\Vulkan\VaultedThermals\VaultedThermals\VT_Memory_Backend.hpp" />
    <ClInclude Include="PAL\HAL\Vulkan\_TutorialRelated.hpp" />
    <ClInclude Include="LAL\STL_Chrono.hpp" />
    <ClInclude Include="LAL\STL_Thread.hpp" />
    <ClInclude Include="Core\Dev\DebugExec\Exec_GLFW_GLM_Test.hpp" />
    <ClInclude Include="Core\Dev\DebugExec\ImGui_StandaloneExample.hpp" />
    <ClInclude Include="Core\Dev\DebugExec\ImGui_TestingGrounds.hpp" />
    <ClInclude Include="Core\Dev\DebugExec\Vulkan_VKTutFull_Test.hpp" />
    <ClInclude Include="Core\Dev\Console.hpp" />
    <ClInclude Include="Core\Dev\Dev.hpp" />
    <ClInclude Include="PAL\OSAL\OSAL_Console.hpp" />
    <ClInclude Include="PAL\OSAL\OSAL_Backend.hpp" />
    <ClInclude Include="PAL\HAL\HAL_Backend.hpp" />
    <ClInclude Include="PAL\OSAL\OSAL_EntryPoint.hpp" />
    <ClInclude Include="PAL\ThirdParty\Libraries\imgui\imconfig.h" />
    <ClInclude Include="PAL\ThirdParty\Libraries\imgui\imgui.h" />
    <ClInclude Include="PAL\ThirdParty\Libraries\imgui\imgui_internal.h" />
    <ClInclude Include="PAL\ThirdParty\Libraries\imgui\imstb_rectpack.h" />
    <ClInclude Include="PAL\ThirdParty\Libraries\imgui\imstb_textedit.h" />
    <ClInclude Include="PAL\ThirdParty\Libraries\imgui\imstb_truetype.h" />
    <ClInclude Include="PAL\ThirdParty\Libraries\imgui\examples\imgui_impl_glfw.h" />
    <ClInclude Include="PAL\ThirdParty\Libraries\imgui\examples\imgui_impl_vulkan.h" />
    <ClInclude Include="User\User.hpp" />
    <ClInclude Include="PAL\OSAL\OSAL_Platform.hpp" />
    <ClInclude Include="PAL\OSAL\OSAL_Threading.hpp" />
    <ClInclude Include="PAL\OSAL\OSAL_Timing.hpp" />
    <ClInclude Include="PAL\OSAL\OSAL_Windowing.hpp" />
    <ClInclude Include="Core\Concurrency\TaskPool.hpp" />
    <ClInclude Include="Core\Execution\Cycler.hpp" />
    <ClInclude Include="Core\Execution\MasterExecution.hpp" />
    <ClInclude Include="Core\Concurrency\CyclerPool.hpp" />
    <ClInclude Include="PAL\ThirdParty\Libraries\enkiTS\src\TaskScheduler.h" />
    <ClInclude Include="PAL\ThirdParty\Libraries\enkiTS\src\LockLessMultiReadPipe.h" />
    <ClInclude Include="PAL\SAL\EnkiTS_SAL.hpp" />
  </ItemGroup>
  <ItemGroup>
    <None Include="PAL\SAL\GLFW_SAL_Implem.hpp" />
  </ItemGroup>
  <ItemGroup>
    <ClCompile Include="PAL\HAL\HAL.cpp" />
    <ClCompile Include="PAL\SAL\GLFW_SAL.cpp" />
    <ClCompile Include="PAL\HAL\Vulkan\Vulkan_API.cpp" />
    <ClCompile Include="Meta\EngineInfo.cpp" />
    <ClCompile Include="PAL\HAL\GPU_HAL.cpp" />
    <ClCompile Include="PAL\HAL\Vulkan\GPU_Vulkan.cpp" />
    <ClCompile Include="Core\IO\Basic_FileIO.cpp" />
    <ClCompile Include="Meta\Config\HAL_Config.cpp" />
    <ClCompile Include="PAL\SAL\ImGui_SAL.cpp" />
    <ClCompile Include="PAL\OSAL\OSAL.cpp" />
    <ClCompile Include="PAL\HAL\Vulkan\_TutorialRelated.cpp" />
    <ClCompile Include="Core\Dev\Console.cpp" />
    <ClCompile Include="Core\Dev\Dev.cpp" />
    <ClCompile Include="PAL\OSAL\OSAL_Console.cpp" />
    <ClCompile Include="PAL\OSAL\OSAL_Backend.cpp" />
    <ClCompile Include="PAL\OSAL\OSAL_EntryPoint.cpp" />
    <ClCompile Include="PAL\ThirdParty\Libraries\imgui\imgui.cpp" />
    <ClCompile Include="PAL\ThirdParty\Libraries\imgui\imgui_demo.cpp" />
    <ClCompile Include="PAL\ThirdParty\Libraries\imgui\imgui_draw.cpp" />
    <ClCompile Include="PAL\ThirdParty\Libraries\imgui\imgui_widgets.cpp" />
    <ClCompile Include="PAL\ThirdParty\Libraries\imgui\examples\imgui_impl_glfw.cpp" />
    <ClCompile Include="PAL\ThirdParty\Libraries\imgui\examples\imgui_impl_vulkan.cpp" />
    <ClCompile Include="PAL\OSAL\OSAL_Threading.cpp" />
    <ClCompile Include="PAL\OSAL\OSAL_Timing.cpp" />
    <ClCompile Include="PAL\OSAL\OSAL_Windowing.cpp" />
    <ClCompile Include="Core\Execution\PrimitiveExecuter_Implem.hpp" />
    <ClCompile Include="Core\Execution\Cycler.cpp" />
    <ClCompile Include="Core\Execution\MasterExecution.cpp" />
    <ClCompile Include="Core\Execution\Executer_EntryPoint.cpp" />
    <ClCompile Include="Core\Concurrency\CyclerPool.cpp" />
    <ClCompile Include="PAL\ThirdParty\Libraries\enkiTS\src\TaskScheduler.cpp" />
  </ItemGroup>
</Project>