<?xml version="1.0" encoding="utf-8"?>
<Project ToolsVersion="4.0" xmlns="http://schemas.microsoft.com/developer/msbuild/2003">
  <ItemGroup>
    <Filter Include="NewFilter1">
      <UniqueIdentifier>{522cccc3-3938-458d-a222-02149b590371}</UniqueIdentifier>
    </Filter>
  </ItemGroup>
  <ItemGroup>
    <ClInclude Include="LAL\LAL.hpp" />
    <ClInclude Include="Core\Execution\Exec_Editor.hpp" />
    <ClInclude Include="Core\Execution\Exec_Engine.hpp" />
    <ClInclude Include="LAL\Cpp_STL.hpp" />
    <ClInclude Include="LAL\STL_Reflection.hpp" />
    <ClInclude Include="LAL\Types\STL_FundamentalLimits.hpp" />
    <ClInclude Include="LAL\Types\STL_FundamentalTypes.hpp" />
    <ClInclude Include="LAL\Types\STL_BasicTypes.hpp" />
    <ClInclude Include="LAL\Utilities\STL_SmartPtrs.hpp" />
    <ClInclude Include="LAL\STL_Memory.hpp" />
    <ClInclude Include="Core\Execution\Exec_Primitive.hpp" />
    <ClInclude Include="Core\Execution\Executer.hpp" />
    <ClInclude Include="Core\Cycler\Cycle.hpp" />
    <ClInclude Include="Core\Cycler\Cycler.hpp" />
    <ClInclude Include="Core\Memory\MemTypes.hpp" />
    <ClInclude Include="Simulation\Math\Vector3D.hpp" />
    <ClInclude Include="Simulation\Math\Vec2D_I.hpp" />
    <ClInclude Include="Simulation\Math\Vec2D_F.hpp" />
    <ClInclude Include="Simulation\Units.hpp" />
    <ClInclude Include="Simulation\Math\Constants.hpp" />
    <ClInclude Include="PAL\HAL\Audio_HAL.hpp" />
    <ClInclude Include="UserManagment\User\User.hpp" />
    <ClInclude Include="PAL\SAL\GLFW_SAL.hpp" />
    <ClInclude Include="PAL\SAL\GLM_SAL.hpp" />
    <ClInclude Include="LAL\Casting.hpp" />
    <ClInclude Include="LAL\Types\Bitmask.hpp" />
    <ClInclude Include="PAL\OSAL\OSAL.hpp" />
    <ClInclude Include="LAL\ConventionEnforcer.hpp" />
    <ClInclude Include="PAL\HAL\Vulkan\VaultedThermals\VaultedThermals\VT_Enums.hpp" />
    <ClInclude Include="PAL\HAL\Vulkan\VaultedThermals\VaultedThermals\VT_Types.hpp" />
    <ClInclude Include="PAL\HAL\Vulkan\VaultedThermals\VaultedThermals.hpp" />
    <ClInclude Include="PAL\HAL\Vulkan\VaultedThermals\VaultedThermals\VT_Debug.hpp" />
    <ClInclude Include="PAL\HAL\Vulkan\VaultedThermals\VaultedThermals\VT_Constants.hpp" />
    <ClInclude Include="PAL\HAL\Vulkan\VaultedThermals\VaultedThermals\VT_PhysicalDevice.hpp" />
    <ClInclude Include="PAL\HAL\Vulkan\VaultedThermals\VaultedThermals\VT_Layer.hpp" />
    <ClInclude Include="LAL\Utilities\STL_Ambiguous.hpp" />
    <ClInclude Include="PAL\HAL\Vulkan\VaultedThermals\VaultedThermals\VT_LogicalDevice.hpp" />
    <ClInclude Include="PAL\HAL\Vulkan\VaultedThermals\VaultedThermals\VT_Surface.hpp" />
    <ClInclude Include="PAL\HAL\Vulkan\VaultedThermals\VaultedThermals\VT_Platform.hpp" />
    <ClInclude Include="PAL\HAL\Vulkan\VaultedThermals\VaultedThermals\VT_SwapChain.hpp" />
    <ClInclude Include="PAL\HAL\Vulkan\VaultedThermals\VaultedThermals\VT_Vaults.hpp" />
    <ClInclude Include="PAL\HAL\Vulkan\VaultedThermals\VaultedThermals\VT_ImageView.hpp" />
    <ClInclude Include="Renderer\Shader\RudimentaryCompiler.hpp" />
    <ClInclude Include="LAL\Types\CharacterTypes.hpp" />
    <ClInclude Include="Renderer\Shader\TriangleShader\TriangleShader.frag" />
    <ClInclude Include="Renderer\Shader\TriangleShader\TriangleShader.vert" />
    <ClInclude Include="Core\IO\Basic_FileIO.hpp" />
    <ClInclude Include="LAL\STL_IO.hpp" />
    <ClInclude Include="LAL\STL_Containers.hpp" />
    <ClInclude Include="LAL\STL_String.hpp" />
    <ClInclude Include="LAL\Declarations.hpp" />
    <ClInclude Include="LAL\STL_Exceptions.hpp" />
    <ClInclude Include="Renderer\Shader\TriangleShader\TriangleShader.hpp" />
    <ClInclude Include="PAL\HAL\Vulkan\VaultedThermals\VaultedThermals\VT_ShaderModule.hpp" />
    <ClInclude Include="PAL\HAL\Vulkan\VaultedThermals\VaultedThermals\VT_Pipeline.hpp" />
    <ClInclude Include="PAL\SAL\ImGui_SAL.hpp" />
    <ClInclude Include="PAL\OSAL\Windowing.hpp" />
    <ClInclude Include="PAL\OSAL\Platform.hpp" />
    <ClInclude Include="Meta\AppInfo.hpp" />
    <ClInclude Include="Meta\EngineInfo.hpp" />
    <ClInclude Include="Meta\Specification.hpp" />
    <ClInclude Include="Meta\Config\Overrides.hpp" />
    <ClInclude Include="PAL\ThirdParty\Libraries\Library.hpp" />
    <ClInclude Include="LAL\Utilities\STL_Functions.hpp" />
    <ClInclude Include="Core\Dev\Vulkan_TriangleTest.hpp" />
    <ClInclude Include="PAL\PAL.hpp" />
    <ClInclude Include="PAL\HAL\HAL.hpp" />
    <ClInclude Include="PAL\HAL\Vulkan\Vulkan_API.hpp" />
    <ClInclude Include="PAL\HAL\GPU_HAL.hpp" />
    <ClInclude Include="PAL\HAL\Vulkan\GPU_Vulkan.hpp" />
    <ClInclude Include="Meta\Config\Simulation_Config.hpp" />
    <ClInclude Include="Meta\Config\HAL_Config.hpp" />
    <ClInclude Include="Meta\Config\OSAL_Config.hpp" />
    <ClInclude Include="Core\Dev\ImGui_TestingGrounds.hpp" />
    <ClInclude Include="Core\Dev\Exec_GLFW_GLM_Test.hpp" />
    <ClInclude Include="PAL\ThirdParty\Libraries\imgui\imgui.h" />
    <ClInclude Include="PAL\ThirdParty\Libraries\imgui\imgui_internal.h" />
    <ClInclude Include="PAL\ThirdParty\Libraries\imgui\imstb_rectpack.h" />
    <ClInclude Include="PAL\ThirdParty\Libraries\imgui\imstb_textedit.h" />
    <ClInclude Include="PAL\ThirdParty\Libraries\imgui\imstb_truetype.h" />
    <ClInclude Include="PAL\ThirdParty\Libraries\imgui\imconfig.h" />
    <ClInclude Include="PAL\ThirdParty\Libraries\imgui\misc\cpp\imgui_stdlib.h" />
    <ClInclude Include="PAL\ThirdParty\Libraries\imgui\misc\single_file\imgui_single_file.h" />
    <ClInclude Include="PAL\OSAL\Threading.hpp" />
    <ClInclude Include="PAL\ThirdParty\Libraries\imgui\examples\imgui_impl_glfw.h" />
    <ClInclude Include="PAL\ThirdParty\Libraries\imgui\examples\imgui_impl_vulkan.h" />
    <ClInclude Include="Core\Dev\Vulkan_VKTutFull_Test.hpp" />
    <ClInclude Include="PAL\HAL\GPU_HAL_CoreDefs.hpp" />
    <ClInclude Include="PAL\HAL\Vulkan\VaultedThermals\VaultedThermals\_foreign\Foreign_ConventionEnforcer.hpp" />
    <ClInclude Include="PAL\HAL\Vulkan\VaultedThermals\VaultedThermals\_foreign\Foreign_Bitmask.hpp" />
    <ClInclude Include="PAL\HAL\Vulkan\VaultedThermals\VaultedThermals\VT_Memory.hpp" />
    <ClInclude Include="PAL\HAL\Vulkan\VaultedThermals\VaultedThermals\VT_Resource.hpp" />
    <ClInclude Include="PAL\HAL\Vulkan\VaultedThermals\VaultedThermals\VT_Sampler.hpp" />
    <ClInclude Include="PAL\HAL\Vulkan\VaultedThermals\VaultedThermals\VT_Initalization.hpp" />
    <ClInclude Include="PAL\HAL\Vulkan\VaultedThermals\VaultedThermals\VT_CoreVersions.hpp" />
    <ClInclude Include="PAL\HAL\Vulkan\VaultedThermals\VaultedThermals\VT_Backend.hpp" />
    <ClInclude Include="PAL\HAL\Vulkan\VaultedThermals\VaultedThermals\VT_Queues.hpp" />
  </ItemGroup>
  <ItemGroup>
    <None Include="PAL\SAL\GLFW_SAL_Implem.hpp" />
  </ItemGroup>
  <ItemGroup>
    <ClCompile Include="Core\Execution\Execute.cpp" />
    <ClCompile Include="PAL\HAL\HAL.cpp" />
    <ClCompile Include="PAL\SAL\GLFW_SAL.cpp" />
    <ClCompile Include="PAL\HAL\Vulkan\Vulkan_API.cpp" />
    <ClCompile Include="Meta\EngineInfo.cpp" />
    <ClCompile Include="PAL\HAL\GPU_HAL.cpp" />
    <ClCompile Include="PAL\HAL\Vulkan\GPU_Vulkan.cpp" />
    <ClCompile Include="Core\IO\Basic_FileIO.cpp" />
    <ClCompile Include="PAL\OSAL\Windowing.cpp" />
    <ClCompile Include="Meta\Config\HAL_Config.cpp" />
    <ClCompile Include="PAL\SAL\ImGui_SAL.cpp" />
    <ClCompile Include="PAL\ThirdParty\Libraries\imgui\imgui.cpp" />
    <ClCompile Include="PAL\ThirdParty\Libraries\imgui\imgui_demo.cpp" />
    <ClCompile Include="PAL\ThirdParty\Libraries\imgui\imgui_draw.cpp" />
    <ClCompile Include="PAL\ThirdParty\Libraries\imgui\imgui_widgets.cpp" />
    <ClCompile Include="PAL\ThirdParty\Libraries\imgui\misc\cpp\imgui_stdlib.cpp" />
    <ClCompile Include="PAL\OSAL\OSAL.cpp" />
    <ClCompile Include="PAL\ThirdParty\Libraries\imgui\examples\imgui_impl_dx9.cpp" />
    <ClCompile Include="PAL\ThirdParty\Libraries\imgui\examples\imgui_impl_glfw.cpp" />
    <ClCompile Include="PAL\ThirdParty\Libraries\imgui\examples\imgui_impl_vulkan.cpp" />
  </ItemGroup>
</Project>