<?xml version="1.0" encoding="utf-8"?>
<Project ToolsVersion="4.0" xmlns="http://schemas.microsoft.com/developer/msbuild/2003">
  <ItemGroup>
    <ClInclude Include="LAL\LAL.hpp" />
    <ClInclude Include="Core\Execution\Executer.hpp" />
    <ClInclude Include="Core\Memory\MemTypes.hpp" />
    <ClInclude Include="Simulation\Math\Vector3D.hpp" />
    <ClInclude Include="Simulation\Math\Vec2D_I.hpp" />
    <ClInclude Include="Simulation\Math\Vec2D_F.hpp" />
    <ClInclude Include="Simulation\Units.hpp" />
    <ClInclude Include="Simulation\Math\Constants.hpp" />
    <ClInclude Include="PAL\HAL\Audio_HAL.hpp" />
    <ClInclude Include="PAL\SAL\GLFW_SAL.hpp" />
    <ClInclude Include="PAL\SAL\GLM_SAL.hpp" />
    <ClInclude Include="PAL\OSAL\OSAL.hpp" />
    <ClInclude Include="Renderer\Shader\RudimentaryCompiler.hpp" />
    <ClInclude Include="Core\IO\Basic_FileIO.hpp" />
    <ClInclude Include="Renderer\Shader\TriangleShader\TriangleShader.hpp" />
    <ClInclude Include="PAL\SAL\ImGui_SAL.hpp" />
    <ClInclude Include="Meta\AppInfo.hpp" />
    <ClInclude Include="Meta\EngineInfo.hpp" />
    <ClInclude Include="Meta\Specification.hpp" />
    <ClInclude Include="Meta\Config\Overrides.hpp" />
    <ClInclude Include="PAL\ThirdParty\Libraries\Library.hpp" />
    <ClInclude Include="PAL\PAL.hpp" />
    <ClInclude Include="PAL\HAL\HAL.hpp" />
    <ClInclude Include="PAL\HAL\Vulkan\Vulkan_API.hpp" />
    <ClInclude Include="PAL\HAL\GPU_HAL.hpp" />
    <ClInclude Include="PAL\HAL\Vulkan\GPU_Vulkan.hpp" />
    <ClInclude Include="Meta\Config\Simulation_Config.hpp" />
    <ClInclude Include="Meta\Config\HAL_Config.hpp" />
    <ClInclude Include="Meta\Config\OSAL_Config.hpp" />
    <ClInclude Include="PAL\HAL\GPU_HAL_CoreDefs.hpp" />
    <ClInclude Include="PAL\ThirdParty\Libraries\stb\stb_image.h" />
    <ClInclude Include="Renderer\Shader\VKTut\VKTut.hpp" />
    <ClInclude Include="PAL\HAL\Vulkan\_TutorialRelated.hpp" />
    <ClInclude Include="Core\Dev\Console.hpp" />
    <ClInclude Include="Core\Dev\Dev.hpp" />
    <ClInclude Include="PAL\OSAL\OSAL_Console.hpp" />
    <ClInclude Include="PAL\OSAL\OSAL_Backend.hpp" />
    <ClInclude Include="PAL\HAL\HAL_Backend.hpp" />
    <ClInclude Include="PAL\OSAL\OSAL_EntryPoint.hpp" />
    <ClInclude Include="PAL\ThirdParty\Libraries\imgui\imconfig.h" />
    <ClInclude Include="PAL\ThirdParty\Libraries\imgui\imgui.h" />
    <ClInclude Include="PAL\ThirdParty\Libraries\imgui\imgui_internal.h" />
    <ClInclude Include="PAL\ThirdParty\Libraries\imgui\imstb_rectpack.h" />
    <ClInclude Include="PAL\ThirdParty\Libraries\imgui\imstb_textedit.h" />
    <ClInclude Include="PAL\ThirdParty\Libraries\imgui\imstb_truetype.h" />
    <ClInclude Include="PAL\ThirdParty\Libraries\imgui\examples\imgui_impl_glfw.h" />
    <ClInclude Include="PAL\ThirdParty\Libraries\imgui\examples\imgui_impl_vulkan.h" />
    <ClInclude Include="User\User.hpp" />
    <ClInclude Include="PAL\OSAL\OSAL_Platform.hpp" />
    <ClInclude Include="PAL\OSAL\OSAL_Threading.hpp" />
    <ClInclude Include="PAL\OSAL\OSAL_Timing.hpp" />
    <ClInclude Include="PAL\OSAL\OSAL_Windowing.hpp" />
    <ClInclude Include="Core\Concurrency\TaskPool.hpp" />
    <ClInclude Include="Core\Execution\Cycler.hpp" />
    <ClInclude Include="Core\Execution\MasterExecution.hpp" />
    <ClInclude Include="Core\Concurrency\CyclerPool.hpp" />
    <ClInclude Include="PAL\ThirdParty\Libraries\enkiTS\src\TaskScheduler.h" />
    <ClInclude Include="PAL\ThirdParty\Libraries\enkiTS\src\LockLessMultiReadPipe.h" />
    <ClInclude Include="PAL\SAL\EnkiTS_SAL.hpp" />
    <ClInclude Include="PAL\HAL\Vulkan\GPUVK_Comms.hpp" />
    <ClInclude Include="LAL\LAL_Declarations.hpp" />
    <ClInclude Include="LAL\LAL_Chrono.hpp" />
    <ClInclude Include="LAL\LAL_Containers.hpp" />
    <ClInclude Include="LAL\LAL_Exceptions.hpp" />
    <ClInclude Include="LAL\LAL_IO.hpp" />
    <ClInclude Include="LAL\LAL_Memory.hpp" />
    <ClInclude Include="LAL\LAL_Reflection.hpp" />
    <ClInclude Include="LAL\LAL_String.hpp" />
    <ClInclude Include="LAL\LAL_Thread.hpp" />
    <ClInclude Include="LAL\LAL_Casting.hpp" />
    <ClInclude Include="LAL\LAL_Cpp_STL.hpp" />
    <ClInclude Include="LAL\LAL_Bitmask.hpp" />
    <ClInclude Include="LAL\LAL_CharacterTypes.hpp" />
    <ClInclude Include="LAL\LAL_FundamentalLimits.hpp" />
    <ClInclude Include="LAL\LAL_FundamentalTypes.hpp" />
    <ClInclude Include="LAL\LAL_Ambiguous.hpp" />
    <ClInclude Include="LAL\LAL_Functions.hpp" />
    <ClInclude Include="LAL\LAL_SmartPtrs.hpp" />
    <ClInclude Include="Meta\Config\CoreDev_Config.hpp" />
    <ClInclude Include="PAL\OSAL\OSAL_Hardware.hpp" />
    <ClInclude Include="PAL\HAL\Vulkan\GPUVK_Memory.hpp" />
    <ClInclude Include="PAL\HAL\Vulkan\GPUVK_PayloadDeck.hpp" />
    <ClInclude Include="PAL\HAL\Vulkan\GPUVK_Resources.hpp" />
    <ClInclude Include="Resource\Mesh\Mesh_Primitives.hpp" />
    <ClInclude Include="Renderer\Renderer.hpp" />
    <ClInclude Include="Meta\Config\Resource_Config.hpp" />
    <ClInclude Include="LAL\LAL_Algorithms.hpp" />
    <ClInclude Include="LAL\LAL_Types.hpp" />
    <ClInclude Include="PAL\HAL\Vulkan\VaultedThermals\Library\VaultedThermals\VT_Backend.hpp" />
    <ClInclude Include="PAL\HAL\Vulkan\VaultedThermals\Library\VaultedThermals\VT_Command.hpp" />
    <ClInclude Include="PAL\HAL\Vulkan\VaultedThermals\Library\VaultedThermals\VT_Constants.hpp" />
    <ClInclude Include="PAL\HAL\Vulkan\VaultedThermals\Library\VaultedThermals\VT_CPP_STL.hpp" />
    <ClInclude Include="PAL\HAL\Vulkan\VaultedThermals\Library\VaultedThermals\VT_Debug.hpp" />
    <ClInclude Include="PAL\HAL\Vulkan\VaultedThermals\Library\VaultedThermals\VT_Enums.hpp" />
    <ClInclude Include="PAL\HAL\Vulkan\VaultedThermals\Library\VaultedThermals\VT_GPU.hpp" />
    <ClInclude Include="PAL\HAL\Vulkan\VaultedThermals\Library\VaultedThermals\VT_GPU_Comms.hpp" />
    <ClInclude Include="PAL\HAL\Vulkan\VaultedThermals\Library\VaultedThermals\VT_Initialization.hpp" />
    <ClInclude Include="PAL\HAL\Vulkan\VaultedThermals\Library\VaultedThermals\VT_LogicalDevice.hpp" />
    <ClInclude Include="PAL\HAL\Vulkan\VaultedThermals\Library\VaultedThermals\VT_Memory.hpp" />
    <ClInclude Include="PAL\HAL\Vulkan\VaultedThermals\Library\VaultedThermals\VT_Memory_Backend.hpp" />
    <ClInclude Include="PAL\HAL\Vulkan\VaultedThermals\Library\VaultedThermals\VT_PhysicalDevice.hpp" />
    <ClInclude Include="PAL\HAL\Vulkan\VaultedThermals\Library\VaultedThermals\VT_Pipelines.hpp" />
    <ClInclude Include="PAL\HAL\Vulkan\VaultedThermals\Library\VaultedThermals\VT_Platform.hpp" />
    <ClInclude Include="PAL\HAL\Vulkan\VaultedThermals\Library\VaultedThermals\VT_RenderPass.hpp" />
    <ClInclude Include="PAL\HAL\Vulkan\VaultedThermals\Library\VaultedThermals\VT_Resource.hpp" />
    <ClInclude Include="PAL\HAL\Vulkan\VaultedThermals\Library\VaultedThermals\VT_Sampler.hpp" />
    <ClInclude Include="PAL\HAL\Vulkan\VaultedThermals\Library\VaultedThermals\VT_Shaders.hpp" />
    <ClInclude Include="PAL\HAL\Vulkan\VaultedThermals\Library\VaultedThermals\VT_Surface.hpp" />
    <ClInclude Include="PAL\HAL\Vulkan\VaultedThermals\Library\VaultedThermals\VT_SwapChain.hpp" />
    <ClInclude Include="PAL\HAL\Vulkan\VaultedThermals\Library\VaultedThermals\VT_SyncAndCacheControl.hpp" />
    <ClInclude Include="PAL\HAL\Vulkan\VaultedThermals\Library\VaultedThermals\VT_Types.hpp" />
    <ClInclude Include="PAL\HAL\Vulkan\VaultedThermals\Library\VaultedThermals\VT_Vaults.hpp" />
    <ClInclude Include="PAL\HAL\Vulkan\VaultedThermals\Library\VaultedThermals.hpp" />
    <ClInclude Include="PAL\HAL\Vulkan\VaultedThermals\include\VaultedThermals.hpp" />
    <ClInclude Include="PAL\HAL\Vulkan\VaultedThermals\include\VaultedThermals\VT_Backend.hpp" />
    <ClInclude Include="PAL\HAL\Vulkan\VaultedThermals\include\VaultedThermals\VT_Command.hpp" />
    <ClInclude Include="PAL\HAL\Vulkan\VaultedThermals\include\VaultedThermals\VT_Constants.hpp" />
    <ClInclude Include="PAL\HAL\Vulkan\VaultedThermals\include\VaultedThermals\VT_CPP_STL.hpp" />
    <ClInclude Include="PAL\HAL\Vulkan\VaultedThermals\include\VaultedThermals\VT_Debug.hpp" />
    <ClInclude Include="PAL\HAL\Vulkan\VaultedThermals\include\VaultedThermals\VT_Enums.hpp" />
    <ClInclude Include="PAL\HAL\Vulkan\VaultedThermals\include\VaultedThermals\VT_Initialization.hpp" />
    <ClInclude Include="PAL\HAL\Vulkan\VaultedThermals\include\VaultedThermals\VT_LogicalDevice.hpp" />
    <ClInclude Include="PAL\HAL\Vulkan\VaultedThermals\include\VaultedThermals\VT_Memory.hpp" />
    <ClInclude Include="PAL\HAL\Vulkan\VaultedThermals\include\VaultedThermals\VT_Memory_Backend.hpp" />
    <ClInclude Include="PAL\HAL\Vulkan\VaultedThermals\include\VaultedThermals\VT_PhysicalDevice.hpp" />
    <ClInclude Include="PAL\HAL\Vulkan\VaultedThermals\include\VaultedThermals\VT_Pipelines.hpp" />
    <ClInclude Include="PAL\HAL\Vulkan\VaultedThermals\include\VaultedThermals\VT_Platform.hpp" />
    <ClInclude Include="PAL\HAL\Vulkan\VaultedThermals\include\VaultedThermals\VT_RenderPass.hpp" />
    <ClInclude Include="PAL\HAL\Vulkan\VaultedThermals\include\VaultedThermals\VT_Resource.hpp" />
    <ClInclude Include="PAL\HAL\Vulkan\VaultedThermals\include\VaultedThermals\VT_Sampler.hpp" />
    <ClInclude Include="PAL\HAL\Vulkan\VaultedThermals\include\VaultedThermals\VT_Shaders.hpp" />
    <ClInclude Include="PAL\HAL\Vulkan\VaultedThermals\include\VaultedThermals\VT_Surface.hpp" />
    <ClInclude Include="PAL\HAL\Vulkan\VaultedThermals\include\VaultedThermals\VT_SwapChain.hpp" />
    <ClInclude Include="PAL\HAL\Vulkan\VaultedThermals\include\VaultedThermals\VT_SyncAndCacheControl.hpp" />
    <ClInclude Include="PAL\HAL\Vulkan\VaultedThermals\include\VaultedThermals\VT_Types.hpp" />
    <ClInclude Include="PAL\HAL\Vulkan\VaultedThermals\include\VaultedThermals\VT_Vaults.hpp" />
    <ClInclude Include="LAL\LAL_CallEnforcer.hpp" />
    <ClInclude Include="Resource\Texture\Texture.hpp" />
    <ClInclude Include="Resource\Model\Model.hpp" />
    <ClInclude Include="Resource\Sprite\Sprite.hpp" />
    <ClInclude Include="Renderer\RenderTarget.hpp" />
    <ClInclude Include="Renderer\Window.hpp" />
    <ClInclude Include="Renderer\Display.hpp" />
    <ClInclude Include="Renderer\Camera.hpp" />
    <ClInclude Include="Simulation\Observer.hpp" />
    <ClInclude Include="Simulation\Space.hpp" />
    <ClInclude Include="Core\Events\EventMngr.hpp" />
    <ClInclude Include="Core\Objects\ObjectMngr.hpp" />
    <ClInclude Include="Core\Objects\Object.hpp" />
    <ClInclude Include="Editor\Assets\Asset.hpp" />
    <ClInclude Include="Editor\Assets\AssetMngr.hpp" />
    <ClInclude Include="Editor\DevUI\DevUI.hpp" />
    <ClInclude Include="Editor\Profiling\DevProfiler.hpp" />
    <ClInclude Include="Networking\Networking.hpp" />
    <ClInclude Include="Manifest\Cosmos.hpp" />
    <ClInclude Include="Manifest\ECS\ECS.hpp" />
    <ClInclude Include="Manifest\Zone.hpp" />
    <ClInclude Include="Manifest\States\BasicState.hpp" />
    <ClInclude Include="Manifest\World.hpp" />
    <ClInclude Include="PAL\HAL\Vulkan\VaultedThermals\include\VaultedThermals\VT_APISpecGroups.hpp" />
    <ClInclude Include="PAL\HAL\Vulkan\VaultedThermals\include\VaultedThermals\VTGPU_Comms.hpp" />
    <ClInclude Include="PAL\HAL\Vulkan\VaultedThermals\include\VaultedThermals\VTGPU_Renderer.hpp" />
    <ClInclude Include="PAL\HAL\Vulkan\VaultedThermals\include\VaultedThermals\VTGPU_Payload.hpp" />
    <ClInclude Include="PAL\HAL\Vulkan\VaultedThermals\include\VaultedThermals\VTGPU_Resource.hpp" />
    <ClInclude Include="PAL\HAL\Vulkan\VaultedThermals\include\VaultedThermals\VTGPU_Comms_Implementation.hpp" />
    <ClInclude Include="Core\Memory\MemTracking.hpp" />
    <ClInclude Include="PAL\ThirdParty\Libraries\magic_enum\include\magic_enum.hpp" />
    <ClInclude Include="PAL\HAL\Vulkan\GPUVK_PhysicalDevice.hpp" />
    <ClInclude Include="PAL\HAL\Vulkan\GPUVK_DebugUtils.hpp" />
    <ClInclude Include="PAL\HAL\Vulkan\GPUVK_DebugUtils.cpp" />
    <ClInclude Include="Meta\Meta.hpp" />
    <ClInclude Include="PAL\HAL\Vulkan\GPUVK_Rendering.hpp" />
    <ClInclude Include="PAL\HAL\Vulkan\GPUVK_Shaders.hpp" />
    <ClInclude Include="Renderer\Shader\Shader.hpp" />
    <ClInclude Include="PAL\HAL\Vulkan\GPUVK_Pipeline.hpp" />
  </ItemGroup>
  <ItemGroup>
    <None Include="PAL\SAL\GLFW_SAL_Implem.hpp" />
  </ItemGroup>
  <ItemGroup>
    <ClCompile Include="PAL\HAL\HAL.cpp" />
    <ClCompile Include="PAL\SAL\GLFW_SAL.cpp" />
    <ClCompile Include="PAL\HAL\Vulkan\Vulkan_API.cpp" />
    <ClCompile Include="Meta\EngineInfo.cpp" />
    <ClCompile Include="PAL\HAL\GPU_HAL.cpp" />
    <ClCompile Include="PAL\HAL\Vulkan\GPU_Vulkan.cpp" />
    <ClCompile Include="Core\IO\Basic_FileIO.cpp" />
    <ClCompile Include="Meta\Config\HAL_Config.cpp" />
    <ClCompile Include="PAL\SAL\ImGui_SAL.cpp" />
    <ClCompile Include="PAL\OSAL\OSAL.cpp" />
    <ClCompile Include="PAL\HAL\Vulkan\_TutorialRelated.cpp" />
    <ClCompile Include="Core\Dev\Console.cpp" />
    <ClCompile Include="Core\Dev\Dev.cpp" />
    <ClCompile Include="PAL\OSAL\OSAL_Console.cpp" />
    <ClCompile Include="PAL\OSAL\OSAL_Backend.cpp" />
    <ClCompile Include="PAL\OSAL\OSAL_EntryPoint.cpp" />
    <ClCompile Include="PAL\ThirdParty\Libraries\imgui\imgui.cpp" />
    <ClCompile Include="PAL\ThirdParty\Libraries\imgui\imgui_demo.cpp" />
    <ClCompile Include="PAL\ThirdParty\Libraries\imgui\imgui_draw.cpp" />
    <ClCompile Include="PAL\ThirdParty\Libraries\imgui\imgui_widgets.cpp" />
    <ClCompile Include="PAL\ThirdParty\Libraries\imgui\examples\imgui_impl_glfw.cpp" />
    <ClCompile Include="PAL\ThirdParty\Libraries\imgui\examples\imgui_impl_vulkan.cpp" />
    <ClCompile Include="PAL\OSAL\OSAL_Threading.cpp" />
    <ClCompile Include="PAL\OSAL\OSAL_Timing.cpp" />
    <ClCompile Include="PAL\OSAL\OSAL_Windowing.cpp" />
    <ClCompile Include="Core\Execution\PrimitiveExecuter_Implem.hpp" />
    <ClCompile Include="Core\Execution\Cycler.cpp" />
    <ClCompile Include="Core\Execution\MasterExecution.cpp" />
    <ClCompile Include="Core\Execution\Executer_EntryPoint.cpp" />
    <ClCompile Include="Core\Concurrency\CyclerPool.cpp" />
    <ClCompile Include="PAL\ThirdParty\Libraries\enkiTS\src\TaskScheduler.cpp" />
    <ClCompile Include="PAL\HAL\Vulkan\GPUVK_Comms.cpp" />
    <ClCompile Include="LAL\LAL_Memory.cpp" />
    <ClCompile Include="LAL\LAL_IO.cpp" />
    <ClCompile Include="PAL\HAL\HAL_Backend.cpp" />
    <ClCompile Include="PAL\OSAL\OSAL_Hardware.cpp" />
    <ClCompile Include="PAL\OSAL\OSAL_Platform.cpp" />
    <ClCompile Include="PAL\HAL\Vulkan\GPUVK_PayloadDeck.cpp" />
    <ClCompile Include="PAL\HAL\Vulkan\GPUVK_Memory.cpp" />
    <ClCompile Include="PAL\HAL\Vulkan\GPUVK_Resources.cpp" />
    <ClCompile Include="Resource\Mesh\Mesh_Primitives.cpp" />
    <ClCompile Include="Renderer\Renderer.cpp" />
    <ClCompile Include="Resource\Texture\Texture.cpp" />
    <ClCompile Include="Core\Memory\MemTracking.cpp" />
    <ClCompile Include="PAL\HAL\Vulkan\GPUVK_PhysicalDevice.cpp" />
    <ClCompile Include="Meta\Meta.cpp" />
    <ClCompile Include="PAL\HAL\Vulkan\GPUVK_Rendering.cpp" />
    <ClCompile Include="PAL\HAL\Vulkan\GPUVK_Shaders.cpp" />
    <ClCompile Include="PAL\HAL\Vulkan\GPUVK_Pipeline.cpp" />
  </ItemGroup>
  <ItemGroup>
    <Text Include="PAL\HAL\Vulkan\VaultedThermals\CMakeLists.txt" />
  </ItemGroup>
</Project>